
Microsoft Visual Studio Solution File, Format Version 12.00
# Visual Studio Version 17
VisualStudioVersion = 17.0.31919.166
MinimumVisualStudioVersion = 10.0.40219.1
Project("{FAE04EC0-301F-11D3-BF4B-00C04F79EFBC}") = "Domain", "Domain\Domain.csproj", "{AB9F8CFA-B4C0-4F8D-8842-7E4CF85748FB}"
EndProject
Project("{FAE04EC0-301F-11D3-BF4B-00C04F79EFBC}") = "DomainTests", "DomainTests\DomainTests.csproj", "{FAB1B62F-243A-45C2-9675-53A8253DCA55}"
EndProject
Project("{FAE04EC0-301F-11D3-BF4B-00C04F79EFBC}") = "API", "API\API.csproj", "{334F9E01-5083-4E73-89AB-06A2C630A171}"
EndProject
Global
	GlobalSection(SolutionConfigurationPlatforms) = preSolution
		Debug|Any CPU = Debug|Any CPU
		Release|Any CPU = Release|Any CPU
	EndGlobalSection
	GlobalSection(ProjectConfigurationPlatforms) = postSolution
		{AB9F8CFA-B4C0-4F8D-8842-7E4CF85748FB}.Debug|Any CPU.ActiveCfg = Debug|Any CPU
		{AB9F8CFA-B4C0-4F8D-8842-7E4CF85748FB}.Debug|Any CPU.Build.0 = Debug|Any CPU
		{AB9F8CFA-B4C0-4F8D-8842-7E4CF85748FB}.Release|Any CPU.ActiveCfg = Release|Any CPU
		{AB9F8CFA-B4C0-4F8D-8842-7E4CF85748FB}.Release|Any CPU.Build.0 = Release|Any CPU
		{FAB1B62F-243A-45C2-9675-53A8253DCA55}.Debug|Any CPU.ActiveCfg = Debug|Any CPU
		{FAB1B62F-243A-45C2-9675-53A8253DCA55}.Debug|Any CPU.Build.0 = Debug|Any CPU
		{FAB1B62F-243A-45C2-9675-53A8253DCA55}.Release|Any CPU.ActiveCfg = Release|Any CPU
		{FAB1B62F-243A-45C2-9675-53A8253DCA55}.Release|Any CPU.Build.0 = Release|Any CPU
		{334F9E01-5083-4E73-89AB-06A2C630A171}.Debug|Any CPU.ActiveCfg = Debug|Any CPU
		{334F9E01-5083-4E73-89AB-06A2C630A171}.Debug|Any CPU.Build.0 = Debug|Any CPU
		{334F9E01-5083-4E73-89AB-06A2C630A171}.Release|Any CPU.ActiveCfg = Release|Any CPU
		{334F9E01-5083-4E73-89AB-06A2C630A171}.Release|Any CPU.Build.0 = Release|Any CPU
	EndGlobalSection
	GlobalSection(SolutionProperties) = preSolution
		HideSolutionNode = FALSE
	EndGlobalSection
	GlobalSection(ExtensibilityGlobals) = postSolution
		SolutionGuid = {42F30FD6-6161-427C-8CF9-064468CB624F}
	EndGlobalSection
EndGlobal
